
Microsoft Visual Studio Solution File, Format Version 12.00
# Visual Studio Version 16
VisualStudioVersion = 16.0.30330.147
MinimumVisualStudioVersion = 10.0.40219.1
Project("{FAE04EC0-301F-11D3-BF4B-00C04F79EFBC}") = "WindowStreamer", "WindowStreamer\WindowStreamer.csproj", "{4D15F2B8-900E-42FE-BB41-47DBA2A31A4F}"
EndProject
Project("{2150E333-8FDC-42A3-9474-1A3956D46DE8}") = "Solution Items", "Solution Items", "{D2B4F2F0-8534-41E1-BE22-BFD5444A7839}"
	ProjectSection(SolutionItems) = preProject
		README.md = README.md
	EndProjectSection
EndProject
Global
	GlobalSection(SolutionConfigurationPlatforms) = preSolution
		Debug|Any CPU = Debug|Any CPU
		Release|Any CPU = Release|Any CPU
	EndGlobalSection
	GlobalSection(ProjectConfigurationPlatforms) = postSolution
		{4D15F2B8-900E-42FE-BB41-47DBA2A31A4F}.Debug|Any CPU.ActiveCfg = Debug|Any CPU
		{4D15F2B8-900E-42FE-BB41-47DBA2A31A4F}.Debug|Any CPU.Build.0 = Debug|Any CPU
		{4D15F2B8-900E-42FE-BB41-47DBA2A31A4F}.Release|Any CPU.ActiveCfg = Release|Any CPU
		{4D15F2B8-900E-42FE-BB41-47DBA2A31A4F}.Release|Any CPU.Build.0 = Release|Any CPU
	EndGlobalSection
	GlobalSection(SolutionProperties) = preSolution
		HideSolutionNode = FALSE
	EndGlobalSection
	GlobalSection(ExtensibilityGlobals) = postSolution
		SolutionGuid = {AED3D006-500C-4987-A13F-78FF6F4F537E}
	EndGlobalSection
EndGlobal
